// !$*UTF8*$!
{
	archiveVersion = 1;
	classes = {
	};
	objectVersion = 46;
	objects = {

/* Begin PBXBuildFile section */
		D095C825188EFD36004041C0 /* Foundation.framework in Frameworks */ = {isa = PBXBuildFile; fileRef = D095C824188EFD36004041C0 /* Foundation.framework */; };
		D095C827188EFD36004041C0 /* CoreGraphics.framework in Frameworks */ = {isa = PBXBuildFile; fileRef = D095C826188EFD36004041C0 /* CoreGraphics.framework */; };
		D095C829188EFD36004041C0 /* UIKit.framework in Frameworks */ = {isa = PBXBuildFile; fileRef = D095C828188EFD36004041C0 /* UIKit.framework */; };
		D095C82F188EFD36004041C0 /* InfoPlist.strings in Resources */ = {isa = PBXBuildFile; fileRef = D095C82D188EFD36004041C0 /* InfoPlist.strings */; };
		D095C831188EFD36004041C0 /* main.m in Sources */ = {isa = PBXBuildFile; fileRef = D095C830188EFD36004041C0 /* main.m */; };
		D095C835188EFD36004041C0 /* ICAAppDelegate.m in Sources */ = {isa = PBXBuildFile; fileRef = D095C834188EFD36004041C0 /* ICAAppDelegate.m */; };
		D095C837188EFD36004041C0 /* Images.xcassets in Resources */ = {isa = PBXBuildFile; fileRef = D095C836188EFD36004041C0 /* Images.xcassets */; };
		D095C83E188EFD36004041C0 /* XCTest.framework in Frameworks */ = {isa = PBXBuildFile; fileRef = D095C83D188EFD36004041C0 /* XCTest.framework */; };
		D095C83F188EFD36004041C0 /* Foundation.framework in Frameworks */ = {isa = PBXBuildFile; fileRef = D095C824188EFD36004041C0 /* Foundation.framework */; };
		D095C840188EFD36004041C0 /* UIKit.framework in Frameworks */ = {isa = PBXBuildFile; fileRef = D095C828188EFD36004041C0 /* UIKit.framework */; };
		D095C848188EFD36004041C0 /* InfoPlist.strings in Resources */ = {isa = PBXBuildFile; fileRef = D095C846188EFD36004041C0 /* InfoPlist.strings */; };
		D095C84A188EFD36004041C0 /* ch2_2Tests.m in Sources */ = {isa = PBXBuildFile; fileRef = D095C849188EFD36004041C0 /* ch2_2Tests.m */; };
		D095C857188EFD64004041C0 /* ICAInitialViewController.m in Sources */ = {isa = PBXBuildFile; fileRef = D095C855188EFD64004041C0 /* ICAInitialViewController.m */; };
		D095C858188EFD64004041C0 /* ICAInitialViewController.xib in Resources */ = {isa = PBXBuildFile; fileRef = D095C856188EFD64004041C0 /* ICAInitialViewController.xib */; };
		D095C85B188EFF74004041C0 /* Button.png in Resources */ = {isa = PBXBuildFile; fileRef = D095C859188EFF74004041C0 /* Button.png */; };
		D095C85C188EFF74004041C0 /* Button@2x.png in Resources */ = {isa = PBXBuildFile; fileRef = D095C85A188EFF74004041C0 /* Button@2x.png */; };
/* End PBXBuildFile section */

/* Begin PBXContainerItemProxy section */
		D095C841188EFD36004041C0 /* PBXContainerItemProxy */ = {
			isa = PBXContainerItemProxy;
			containerPortal = D095C819188EFD36004041C0 /* Project object */;
			proxyType = 1;
			remoteGlobalIDString = D095C820188EFD36004041C0;
			remoteInfo = ch2.2;
		};
/* End PBXContainerItemProxy section */

/* Begin PBXFileReference section */
		D095C821188EFD36004041C0 /* ch2.2.app */ = {isa = PBXFileReference; explicitFileType = wrapper.application; includeInIndex = 0; path = ch2.2.app; sourceTree = BUILT_PRODUCTS_DIR; };
		D095C824188EFD36004041C0 /* Foundation.framework */ = {isa = PBXFileReference; lastKnownFileType = wrapper.framework; name = Foundation.framework; path = System/Library/Frameworks/Foundation.framework; sourceTree = SDKROOT; };
		D095C826188EFD36004041C0 /* CoreGraphics.framework */ = {isa = PBXFileReference; lastKnownFileType = wrapper.framework; name = CoreGraphics.framework; path = System/Library/Frameworks/CoreGraphics.framework; sourceTree = SDKROOT; };
		D095C828188EFD36004041C0 /* UIKit.framework */ = {isa = PBXFileReference; lastKnownFileType = wrapper.framework; name = UIKit.framework; path = System/Library/Frameworks/UIKit.framework; sourceTree = SDKROOT; };
		D095C82C188EFD36004041C0 /* ch2.2-Info.plist */ = {isa = PBXFileReference; lastKnownFileType = text.plist.xml; path = "ch2.2-Info.plist"; sourceTree = "<group>"; };
		D095C82E188EFD36004041C0 /* en */ = {isa = PBXFileReference; lastKnownFileType = text.plist.strings; name = en; path = en.lproj/InfoPlist.strings; sourceTree = "<group>"; };
		D095C830188EFD36004041C0 /* main.m */ = {isa = PBXFileReference; lastKnownFileType = sourcecode.c.objc; path = main.m; sourceTree = "<group>"; };
		D095C832188EFD36004041C0 /* ch2.2-Prefix.pch */ = {isa = PBXFileReference; lastKnownFileType = sourcecode.c.h; path = "ch2.2-Prefix.pch"; sourceTree = "<group>"; };
		D095C833188EFD36004041C0 /* ICAAppDelegate.h */ = {isa = PBXFileReference; lastKnownFileType = sourcecode.c.h; path = ICAAppDelegate.h; sourceTree = "<group>"; };
		D095C834188EFD36004041C0 /* ICAAppDelegate.m */ = {isa = PBXFileReference; lastKnownFileType = sourcecode.c.objc; path = ICAAppDelegate.m; sourceTree = "<group>"; };
		D095C836188EFD36004041C0 /* Images.xcassets */ = {isa = PBXFileReference; lastKnownFileType = folder.assetcatalog; path = Images.xcassets; sourceTree = "<group>"; };
		D095C83C188EFD36004041C0 /* ch2.2Tests.xctest */ = {isa = PBXFileReference; explicitFileType = wrapper.cfbundle; includeInIndex = 0; path = ch2.2Tests.xctest; sourceTree = BUILT_PRODUCTS_DIR; };
		D095C83D188EFD36004041C0 /* XCTest.framework */ = {isa = PBXFileReference; lastKnownFileType = wrapper.framework; name = XCTest.framework; path = Library/Frameworks/XCTest.framework; sourceTree = DEVELOPER_DIR; };
		D095C845188EFD36004041C0 /* ch2.2Tests-Info.plist */ = {isa = PBXFileReference; lastKnownFileType = text.plist.xml; path = "ch2.2Tests-Info.plist"; sourceTree = "<group>"; };
		D095C847188EFD36004041C0 /* en */ = {isa = PBXFileReference; lastKnownFileType = text.plist.strings; name = en; path = en.lproj/InfoPlist.strings; sourceTree = "<group>"; };
		D095C849188EFD36004041C0 /* ch2_2Tests.m */ = {isa = PBXFileReference; lastKnownFileType = sourcecode.c.objc; path = ch2_2Tests.m; sourceTree = "<group>"; };
		D095C854188EFD64004041C0 /* ICAInitialViewController.h */ = {isa = PBXFileReference; fileEncoding = 4; lastKnownFileType = sourcecode.c.h; path = ICAInitialViewController.h; sourceTree = "<group>"; };
		D095C855188EFD64004041C0 /* ICAInitialViewController.m */ = {isa = PBXFileReference; fileEncoding = 4; lastKnownFileType = sourcecode.c.objc; path = ICAInitialViewController.m; sourceTree = "<group>"; };
		D095C856188EFD64004041C0 /* ICAInitialViewController.xib */ = {isa = PBXFileReference; fileEncoding = 4; lastKnownFileType = file.xib; path = ICAInitialViewController.xib; sourceTree = "<group>"; };
		D095C859188EFF74004041C0 /* Button.png */ = {isa = PBXFileReference; lastKnownFileType = image.png; name = Button.png; path = ch2.2/Button.png; sourceTree = "<group>"; };
		D095C85A188EFF74004041C0 /* Button@2x.png */ = {isa = PBXFileReference; lastKnownFileType = image.png; name = "Button@2x.png"; path = "ch2.2/Button@2x.png"; sourceTree = "<group>"; };
/* End PBXFileReference section */

/* Begin PBXFrameworksBuildPhase section */
		D095C81E188EFD36004041C0 /* Frameworks */ = {
			isa = PBXFrameworksBuildPhase;
			buildActionMask = 2147483647;
			files = (
				D095C827188EFD36004041C0 /* CoreGraphics.framework in Frameworks */,
				D095C829188EFD36004041C0 /* UIKit.framework in Frameworks */,
				D095C825188EFD36004041C0 /* Foundation.framework in Frameworks */,
			);
			runOnlyForDeploymentPostprocessing = 0;
		};
		D095C839188EFD36004041C0 /* Frameworks */ = {
			isa = PBXFrameworksBuildPhase;
			buildActionMask = 2147483647;
			files = (
				D095C83E188EFD36004041C0 /* XCTest.framework in Frameworks */,
				D095C840188EFD36004041C0 /* UIKit.framework in Frameworks */,
				D095C83F188EFD36004041C0 /* Foundation.framework in Frameworks */,
			);
			runOnlyForDeploymentPostprocessing = 0;
		};
/* End PBXFrameworksBuildPhase section */

/* Begin PBXGroup section */
		D095C818188EFD36004041C0 = {
			isa = PBXGroup;
			children = (
				D095C859188EFF74004041C0 /* Button.png */,
				D095C85A188EFF74004041C0 /* Button@2x.png */,
				D095C853188EFD64004041C0 /* View */,
				D095C82A188EFD36004041C0 /* ch2.2 */,
				D095C843188EFD36004041C0 /* ch2.2Tests */,
				D095C823188EFD36004041C0 /* Frameworks */,
				D095C822188EFD36004041C0 /* Products */,
			);
			sourceTree = "<group>";
		};
		D095C822188EFD36004041C0 /* Products */ = {
			isa = PBXGroup;
			children = (
				D095C821188EFD36004041C0 /* ch2.2.app */,
				D095C83C188EFD36004041C0 /* ch2.2Tests.xctest */,
			);
			name = Products;
			sourceTree = "<group>";
		};
		D095C823188EFD36004041C0 /* Frameworks */ = {
			isa = PBXGroup;
			children = (
				D095C824188EFD36004041C0 /* Foundation.framework */,
				D095C826188EFD36004041C0 /* CoreGraphics.framework */,
				D095C828188EFD36004041C0 /* UIKit.framework */,
				D095C83D188EFD36004041C0 /* XCTest.framework */,
			);
			name = Frameworks;
			sourceTree = "<group>";
		};
		D095C82A188EFD36004041C0 /* ch2.2 */ = {
			isa = PBXGroup;
			children = (
				D095C833188EFD36004041C0 /* ICAAppDelegate.h */,
				D095C834188EFD36004041C0 /* ICAAppDelegate.m */,
				D095C836188EFD36004041C0 /* Images.xcassets */,
				D095C82B188EFD36004041C0 /* Supporting Files */,
			);
			path = ch2.2;
			sourceTree = "<group>";
		};
		D095C82B188EFD36004041C0 /* Supporting Files */ = {
			isa = PBXGroup;
			children = (
				D095C82C188EFD36004041C0 /* ch2.2-Info.plist */,
				D095C82D188EFD36004041C0 /* InfoPlist.strings */,
				D095C830188EFD36004041C0 /* main.m */,
				D095C832188EFD36004041C0 /* ch2.2-Prefix.pch */,
			);
			name = "Supporting Files";
			sourceTree = "<group>";
		};
		D095C843188EFD36004041C0 /* ch2.2Tests */ = {
			isa = PBXGroup;
			children = (
				D095C849188EFD36004041C0 /* ch2_2Tests.m */,
				D095C844188EFD36004041C0 /* Supporting Files */,
			);
			path = ch2.2Tests;
			sourceTree = "<group>";
		};
		D095C844188EFD36004041C0 /* Supporting Files */ = {
			isa = PBXGroup;
			children = (
				D095C845188EFD36004041C0 /* ch2.2Tests-Info.plist */,
				D095C846188EFD36004041C0 /* InfoPlist.strings */,
			);
			name = "Supporting Files";
			sourceTree = "<group>";
		};
		D095C853188EFD64004041C0 /* View */ = {
			isa = PBXGroup;
			children = (
				D095C854188EFD64004041C0 /* ICAInitialViewController.h */,
				D095C855188EFD64004041C0 /* ICAInitialViewController.m */,
				D095C856188EFD64004041C0 /* ICAInitialViewController.xib */,
			);
			name = View;
			path = ch2.2/View;
			sourceTree = "<group>";
		};
/* End PBXGroup section */

/* Begin PBXNativeTarget section */
		D095C820188EFD36004041C0 /* ch2.2 */ = {
			isa = PBXNativeTarget;
			buildConfigurationList = D095C84D188EFD36004041C0 /* Build configuration list for PBXNativeTarget "ch2.2" */;
			buildPhases = (
				D095C81D188EFD36004041C0 /* Sources */,
				D095C81E188EFD36004041C0 /* Frameworks */,
				D095C81F188EFD36004041C0 /* Resources */,
			);
			buildRules = (
			);
			dependencies = (
			);
			name = ch2.2;
			productName = ch2.2;
			productReference = D095C821188EFD36004041C0 /* ch2.2.app */;
			productType = "com.apple.product-type.application";
		};
		D095C83B188EFD36004041C0 /* ch2.2Tests */ = {
			isa = PBXNativeTarget;
			buildConfigurationList = D095C850188EFD36004041C0 /* Build configuration list for PBXNativeTarget "ch2.2Tests" */;
			buildPhases = (
				D095C838188EFD36004041C0 /* Sources */,
				D095C839188EFD36004041C0 /* Frameworks */,
				D095C83A188EFD36004041C0 /* Resources */,
			);
			buildRules = (
			);
			dependencies = (
				D095C842188EFD36004041C0 /* PBXTargetDependency */,
			);
			name = ch2.2Tests;
			productName = ch2.2Tests;
			productReference = D095C83C188EFD36004041C0 /* ch2.2Tests.xctest */;
			productType = "com.apple.product-type.bundle.unit-test";
		};
/* End PBXNativeTarget section */

/* Begin PBXProject section */
		D095C819188EFD36004041C0 /* Project object */ = {
			isa = PBXProject;
			attributes = {
				CLASSPREFIX = ICA;
				LastUpgradeCheck = 0500;
				ORGANIZATIONNAME = "Peter Bødskov";
				TargetAttributes = {
					D095C83B188EFD36004041C0 = {
						TestTargetID = D095C820188EFD36004041C0;
					};
				};
			};
			buildConfigurationList = D095C81C188EFD36004041C0 /* Build configuration list for PBXProject "ch2.2" */;
			compatibilityVersion = "Xcode 3.2";
			developmentRegion = English;
			hasScannedForEncodings = 0;
			knownRegions = (
				en,
			);
			mainGroup = D095C818188EFD36004041C0;
			productRefGroup = D095C822188EFD36004041C0 /* Products */;
			projectDirPath = "";
			projectRoot = "";
			targets = (
				D095C820188EFD36004041C0 /* ch2.2 */,
				D095C83B188EFD36004041C0 /* ch2.2Tests */,
			);
		};
/* End PBXProject section */

/* Begin PBXResourcesBuildPhase section */
		D095C81F188EFD36004041C0 /* Resources */ = {
			isa = PBXResourcesBuildPhase;
			buildActionMask = 2147483647;
			files = (
				D095C858188EFD64004041C0 /* ICAInitialViewController.xib in Resources */,
				D095C85C188EFF74004041C0 /* Button@2x.png in Resources */,
				D095C85B188EFF74004041C0 /* Button.png in Resources */,
				D095C82F188EFD36004041C0 /* InfoPlist.strings in Resources */,
				D095C837188EFD36004041C0 /* Images.xcassets in Resources */,
			);
			runOnlyForDeploymentPostprocessing = 0;
		};
		D095C83A188EFD36004041C0 /* Resources */ = {
			isa = PBXResourcesBuildPhase;
			buildActionMask = 2147483647;
			files = (
				D095C848188EFD36004041C0 /* InfoPlist.strings in Resources */,
			);
			runOnlyForDeploymentPostprocessing = 0;
		};
/* End PBXResourcesBuildPhase section */

/* Begin PBXSourcesBuildPhase section */
		D095C81D188EFD36004041C0 /* Sources */ = {
			isa = PBXSourcesBuildPhase;
			buildActionMask = 2147483647;
			files = (
				D095C857188EFD64004041C0 /* ICAInitialViewController.m in Sources */,
				D095C835188EFD36004041C0 /* ICAAppDelegate.m in Sources */,
				D095C831188EFD36004041C0 /* main.m in Sources */,
			);
			runOnlyForDeploymentPostprocessing = 0;
		};
		D095C838188EFD36004041C0 /* Sources */ = {
			isa = PBXSourcesBuildPhase;
			buildActionMask = 2147483647;
			files = (
				D095C84A188EFD36004041C0 /* ch2_2Tests.m in Sources */,
			);
			runOnlyForDeploymentPostprocessing = 0;
		};
/* End PBXSourcesBuildPhase section */

/* Begin PBXTargetDependency section */
		D095C842188EFD36004041C0 /* PBXTargetDependency */ = {
			isa = PBXTargetDependency;
			target = D095C820188EFD36004041C0 /* ch2.2 */;
			targetProxy = D095C841188EFD36004041C0 /* PBXContainerItemProxy */;
		};
/* End PBXTargetDependency section */

/* Begin PBXVariantGroup section */
		D095C82D188EFD36004041C0 /* InfoPlist.strings */ = {
			isa = PBXVariantGroup;
			children = (
				D095C82E188EFD36004041C0 /* en */,
			);
			name = InfoPlist.strings;
			sourceTree = "<group>";
		};
		D095C846188EFD36004041C0 /* InfoPlist.strings */ = {
			isa = PBXVariantGroup;
			children = (
				D095C847188EFD36004041C0 /* en */,
			);
			name = InfoPlist.strings;
			sourceTree = "<group>";
		};
/* End PBXVariantGroup section */

/* Begin XCBuildConfiguration section */
		D095C84B188EFD36004041C0 /* Debug */ = {
			isa = XCBuildConfiguration;
			buildSettings = {
				ALWAYS_SEARCH_USER_PATHS = NO;
				ARCHS = "$(ARCHS_STANDARD_INCLUDING_64_BIT)";
				CLANG_CXX_LANGUAGE_STANDARD = "gnu++0x";
				CLANG_CXX_LIBRARY = "libc++";
				CLANG_ENABLE_MODULES = YES;
				CLANG_ENABLE_OBJC_ARC = YES;
				CLANG_WARN_BOOL_CONVERSION = YES;
				CLANG_WARN_CONSTANT_CONVERSION = YES;
				CLANG_WARN_DIRECT_OBJC_ISA_USAGE = YES_ERROR;
				CLANG_WARN_EMPTY_BODY = YES;
				CLANG_WARN_ENUM_CONVERSION = YES;
				CLANG_WARN_INT_CONVERSION = YES;
				CLANG_WARN_OBJC_ROOT_CLASS = YES_ERROR;
				CLANG_WARN__DUPLICATE_METHOD_MATCH = YES;
				"CODE_SIGN_IDENTITY[sdk=iphoneos*]" = "iPhone Developer";
				COPY_PHASE_STRIP = NO;
				GCC_C_LANGUAGE_STANDARD = gnu99;
				GCC_DYNAMIC_NO_PIC = NO;
				GCC_OPTIMIZATION_LEVEL = 0;
				GCC_PREPROCESSOR_DEFINITIONS = (
					"DEBUG=1",
					"$(inherited)",
				);
				GCC_SYMBOLS_PRIVATE_EXTERN = NO;
				GCC_WARN_64_TO_32_BIT_CONVERSION = YES;
				GCC_WARN_ABOUT_RETURN_TYPE = YES_ERROR;
				GCC_WARN_UNDECLARED_SELECTOR = YES;
				GCC_WARN_UNINITIALIZED_AUTOS = YES;
				GCC_WARN_UNUSED_FUNCTION = YES;
				GCC_WARN_UNUSED_VARIABLE = YES;
				IPHONEOS_DEPLOYMENT_TARGET = 7.0;
				ONLY_ACTIVE_ARCH = YES;
				SDKROOT = iphoneos;
			};
			name = Debug;
		};
		D095C84C188EFD36004041C0 /* Release */ = {
			isa = XCBuildConfiguration;
			buildSettings = {
				ALWAYS_SEARCH_USER_PATHS = NO;
				ARCHS = "$(ARCHS_STANDARD_INCLUDING_64_BIT)";
				CLANG_CXX_LANGUAGE_STANDARD = "gnu++0x";
				CLANG_CXX_LIBRARY = "libc++";
				CLANG_ENABLE_MODULES = YES;
				CLANG_ENABLE_OBJC_ARC = YES;
				CLANG_WARN_BOOL_CONVERSION = YES;
				CLANG_WARN_CONSTANT_CONVERSION = YES;
				CLANG_WARN_DIRECT_OBJC_ISA_USAGE = YES_ERROR;
				CLANG_WARN_EMPTY_BODY = YES;
				CLANG_WARN_ENUM_CONVERSION = YES;
				CLANG_WARN_INT_CONVERSION = YES;
				CLANG_WARN_OBJC_ROOT_CLASS = YES_ERROR;
				CLANG_WARN__DUPLICATE_METHOD_MATCH = YES;
				"CODE_SIGN_IDENTITY[sdk=iphoneos*]" = "iPhone Developer";
				COPY_PHASE_STRIP = YES;
				ENABLE_NS_ASSERTIONS = NO;
				GCC_C_LANGUAGE_STANDARD = gnu99;
				GCC_WARN_64_TO_32_BIT_CONVERSION = YES;
				GCC_WARN_ABOUT_RETURN_TYPE = YES_ERROR;
				GCC_WARN_UNDECLARED_SELECTOR = YES;
				GCC_WARN_UNINITIALIZED_AUTOS = YES;
				GCC_WARN_UNUSED_FUNCTION = YES;
				GCC_WARN_UNUSED_VARIABLE = YES;
				IPHONEOS_DEPLOYMENT_TARGET = 7.0;
				SDKROOT = iphoneos;
				VALIDATE_PRODUCT = YES;
			};
			name = Release;
		};
		D095C84E188EFD36004041C0 /* Debug */ = {
			isa = XCBuildConfiguration;
			buildSettings = {
				ASSETCATALOG_COMPILER_APPICON_NAME = AppIcon;
				ASSETCATALOG_COMPILER_LAUNCHIMAGE_NAME = LaunchImage;
				GCC_PRECOMPILE_PREFIX_HEADER = YES;
				GCC_PREFIX_HEADER = "ch2.2/ch2.2-Prefix.pch";
				INFOPLIST_FILE = "ch2.2/ch2.2-Info.plist";
				PRODUCT_NAME = "$(TARGET_NAME)";
				WRAPPER_EXTENSION = app;
			};
			name = Debug;
		};
		D095C84F188EFD36004041C0 /* Release */ = {
			isa = XCBuildConfiguration;
			buildSettings = {
				ASSETCATALOG_COMPILER_APPICON_NAME = AppIcon;
				ASSETCATALOG_COMPILER_LAUNCHIMAGE_NAME = LaunchImage;
				GCC_PRECOMPILE_PREFIX_HEADER = YES;
				GCC_PREFIX_HEADER = "ch2.2/ch2.2-Prefix.pch";
				INFOPLIST_FILE = "ch2.2/ch2.2-Info.plist";
				PRODUCT_NAME = "$(TARGET_NAME)";
				WRAPPER_EXTENSION = app;
			};
			name = Release;
		};
		D095C851188EFD36004041C0 /* Debug */ = {
			isa = XCBuildConfiguration;
			buildSettings = {
				ARCHS = "$(ARCHS_STANDARD_INCLUDING_64_BIT)";
				BUNDLE_LOADER = "$(BUILT_PRODUCTS_DIR)/ch2.2.app/ch2.2";
				FRAMEWORK_SEARCH_PATHS = (
					"$(SDKROOT)/Developer/Library/Frameworks",
					"$(inherited)",
					"$(DEVELOPER_FRAMEWORKS_DIR)",
				);
				GCC_PRECOMPILE_PREFIX_HEADER = YES;
				GCC_PREFIX_HEADER = "ch2.2/ch2.2-Prefix.pch";
				GCC_PREPROCESSOR_DEFINITIONS = (
					"DEBUG=1",
					"$(inherited)",
				);
				INFOPLIST_FILE = "ch2.2Tests/ch2.2Tests-Info.plist";
				PRODUCT_NAME = "$(TARGET_NAME)";
				TEST_HOST = "$(BUNDLE_LOADER)";
				WRAPPER_EXTENSION = xctest;
			};
			name = Debug;
		};
		D095C852188EFD36004041C0 /* Release */ = {
			isa = XCBuildConfiguration;
			buildSettings = {
				ARCHS = "$(ARCHS_STANDARD_INCLUDING_64_BIT)";
				BUNDLE_LOADER = "$(BUILT_PRODUCTS_DIR)/ch2.2.app/ch2.2";
				FRAMEWORK_SEARCH_PATHS = (
					"$(SDKROOT)/Developer/Library/Frameworks",
					"$(inherited)",
					"$(DEVELOPER_FRAMEWORKS_DIR)",
				);
				GCC_PRECOMPILE_PREFIX_HEADER = YES;
				GCC_PREFIX_HEADER = "ch2.2/ch2.2-Prefix.pch";
				INFOPLIST_FILE = "ch2.2Tests/ch2.2Tests-Info.plist";
				PRODUCT_NAME = "$(TARGET_NAME)";
				TEST_HOST = "$(BUNDLE_LOADER)";
				WRAPPER_EXTENSION = xctest;
			};
			name = Release;
		};
/* End XCBuildConfiguration section */

/* Begin XCConfigurationList section */
		D095C81C188EFD36004041C0 /* Build configuration list for PBXProject "ch2.2" */ = {
			isa = XCConfigurationList;
			buildConfigurations = (
				D095C84B188EFD36004041C0 /* Debug */,
				D095C84C188EFD36004041C0 /* Release */,
			);
			defaultConfigurationIsVisible = 0;
			defaultConfigurationName = Release;
		};
		D095C84D188EFD36004041C0 /* Build configuration list for PBXNativeTarget "ch2.2" */ = {
			isa = XCConfigurationList;
			buildConfigurations = (
				D095C84E188EFD36004041C0 /* Debug */,
				D095C84F188EFD36004041C0 /* Release */,
			);
			defaultConfigurationIsVisible = 0;
		};
		D095C850188EFD36004041C0 /* Build configuration list for PBXNativeTarget "ch2.2Tests" */ = {
			isa = XCConfigurationList;
			buildConfigurations = (
				D095C851188EFD36004041C0 /* Debug */,
				D095C852188EFD36004041C0 /* Release */,
			);
			defaultConfigurationIsVisible = 0;
		};
/* End XCConfigurationList section */
	};
	rootObject = D095C819188EFD36004041C0 /* Project object */;
}
